
Microsoft Visual Studio Solution File, Format Version 12.00
# Visual Studio 15
VisualStudioVersion = 15.0.28307.757
MinimumVisualStudioVersion = 10.0.40219.1
Project("{FAE04EC0-301F-11D3-BF4B-00C04F79EFBC}") = "BIM4PM.UI", "ProjectManagement\BIM4PM.UI.csproj", "{B6A257CE-526C-4D67-A450-9A2895F187F0}"
EndProject
Project("{FAE04EC0-301F-11D3-BF4B-00C04F79EFBC}") = "BIM4PM.DataAccess", "BIM4PM.Data\BIM4PM.DataAccess.csproj", "{B9019A62-37BD-4F63-A93E-7EEBA2475651}"
EndProject
Project("{FAE04EC0-301F-11D3-BF4B-00C04F79EFBC}") = "BIM4PM.Common", "BIM4PM.Common\BIM4PM.Common.csproj", "{F1CBC246-98F8-45E3-A301-57CB65F5E994}"
EndProject
Project("{FAE04EC0-301F-11D3-BF4B-00C04F79EFBC}") = "BIM4PM.Model", "BIM4PM.Model\BIM4PM.Model.csproj", "{52752596-3B00-48D8-9681-763558FF4E0E}"
EndProject
Project("{2150E333-8FDC-42A3-9474-1A3956D46DE8}") = "Tests", "Tests", "{BA8D7348-BCC9-465B-82C8-927152F2AA0F}"
EndProject
Project("{FAE04EC0-301F-11D3-BF4B-00C04F79EFBC}") = "BIM4PM.Tests", "BIM4PM.Tests\BIM4PM.Tests.csproj", "{0A7AF3B7-1E4B-48FF-AD79-1B5BCBB47379}"
EndProject
Project("{FAE04EC0-301F-11D3-BF4B-00C04F79EFBC}") = "BIM4PM.UITests", "BIM4PM.UITests\BIM4PM.UITests.csproj", "{5F067074-1C2D-40E2-A1E5-F038EDC1468F}"
EndProject
Project("{FAE04EC0-301F-11D3-BF4B-00C04F79EFBC}") = "BIM4PM.DataAccessTests", "BIM4PM.DataAccessTests\BIM4PM.DataAccessTests.csproj", "{7B677A56-4B61-4528-841C-E00244E80EDF}"
EndProject
Global
	GlobalSection(SolutionConfigurationPlatforms) = preSolution
		Debug|Any CPU = Debug|Any CPU
		Release|Any CPU = Release|Any CPU
	EndGlobalSection
	GlobalSection(ProjectConfigurationPlatforms) = postSolution
		{B6A257CE-526C-4D67-A450-9A2895F187F0}.Debug|Any CPU.ActiveCfg = Debug|Any CPU
		{B6A257CE-526C-4D67-A450-9A2895F187F0}.Debug|Any CPU.Build.0 = Debug|Any CPU
		{B6A257CE-526C-4D67-A450-9A2895F187F0}.Release|Any CPU.ActiveCfg = Release|Any CPU
		{B6A257CE-526C-4D67-A450-9A2895F187F0}.Release|Any CPU.Build.0 = Release|Any CPU
		{B9019A62-37BD-4F63-A93E-7EEBA2475651}.Debug|Any CPU.ActiveCfg = Debug|Any CPU
		{B9019A62-37BD-4F63-A93E-7EEBA2475651}.Debug|Any CPU.Build.0 = Debug|Any CPU
		{B9019A62-37BD-4F63-A93E-7EEBA2475651}.Release|Any CPU.ActiveCfg = Release|Any CPU
		{B9019A62-37BD-4F63-A93E-7EEBA2475651}.Release|Any CPU.Build.0 = Release|Any CPU
		{F1CBC246-98F8-45E3-A301-57CB65F5E994}.Debug|Any CPU.ActiveCfg = Debug|Any CPU
		{F1CBC246-98F8-45E3-A301-57CB65F5E994}.Debug|Any CPU.Build.0 = Debug|Any CPU
		{F1CBC246-98F8-45E3-A301-57CB65F5E994}.Release|Any CPU.ActiveCfg = Release|Any CPU
		{F1CBC246-98F8-45E3-A301-57CB65F5E994}.Release|Any CPU.Build.0 = Release|Any CPU
		{52752596-3B00-48D8-9681-763558FF4E0E}.Debug|Any CPU.ActiveCfg = Debug|Any CPU
		{52752596-3B00-48D8-9681-763558FF4E0E}.Debug|Any CPU.Build.0 = Debug|Any CPU
		{52752596-3B00-48D8-9681-763558FF4E0E}.Release|Any CPU.ActiveCfg = Release|Any CPU
		{52752596-3B00-48D8-9681-763558FF4E0E}.Release|Any CPU.Build.0 = Release|Any CPU
		{0A7AF3B7-1E4B-48FF-AD79-1B5BCBB47379}.Debug|Any CPU.ActiveCfg = Debug|Any CPU
		{0A7AF3B7-1E4B-48FF-AD79-1B5BCBB47379}.Debug|Any CPU.Build.0 = Debug|Any CPU
		{0A7AF3B7-1E4B-48FF-AD79-1B5BCBB47379}.Release|Any CPU.ActiveCfg = Release|Any CPU
		{0A7AF3B7-1E4B-48FF-AD79-1B5BCBB47379}.Release|Any CPU.Build.0 = Release|Any CPU
		{5F067074-1C2D-40E2-A1E5-F038EDC1468F}.Debug|Any CPU.ActiveCfg = Debug|Any CPU
		{5F067074-1C2D-40E2-A1E5-F038EDC1468F}.Debug|Any CPU.Build.0 = Debug|Any CPU
		{5F067074-1C2D-40E2-A1E5-F038EDC1468F}.Release|Any CPU.ActiveCfg = Release|Any CPU
		{5F067074-1C2D-40E2-A1E5-F038EDC1468F}.Release|Any CPU.Build.0 = Release|Any CPU
		{7B677A56-4B61-4528-841C-E00244E80EDF}.Debug|Any CPU.ActiveCfg = Debug|Any CPU
		{7B677A56-4B61-4528-841C-E00244E80EDF}.Debug|Any CPU.Build.0 = Debug|Any CPU
		{7B677A56-4B61-4528-841C-E00244E80EDF}.Release|Any CPU.ActiveCfg = Release|Any CPU
		{7B677A56-4B61-4528-841C-E00244E80EDF}.Release|Any CPU.Build.0 = Release|Any CPU
	EndGlobalSection
	GlobalSection(SolutionProperties) = preSolution
		HideSolutionNode = FALSE
	EndGlobalSection
	GlobalSection(NestedProjects) = preSolution
		{0A7AF3B7-1E4B-48FF-AD79-1B5BCBB47379} = {BA8D7348-BCC9-465B-82C8-927152F2AA0F}
		{5F067074-1C2D-40E2-A1E5-F038EDC1468F} = {BA8D7348-BCC9-465B-82C8-927152F2AA0F}
		{7B677A56-4B61-4528-841C-E00244E80EDF} = {BA8D7348-BCC9-465B-82C8-927152F2AA0F}
	EndGlobalSection
	GlobalSection(ExtensibilityGlobals) = postSolution
		SolutionGuid = {C66715B9-02F8-4EE3-9E18-4FA3DC67B23F}
	EndGlobalSection
EndGlobal
