
Microsoft Visual Studio Solution File, Format Version 12.00
# Visual Studio 15
VisualStudioVersion = 15.0.28307.757
MinimumVisualStudioVersion = 10.0.40219.1
Project("{FAE04EC0-301F-11D3-BF4B-00C04F79EFBC}") = "ProjectManagement", "ProjectManagement\ProjectManagement.csproj", "{B6A257CE-526C-4D67-A450-9A2895F187F0}"
EndProject
Project("{FAE04EC0-301F-11D3-BF4B-00C04F79EFBC}") = "MH.Core", "MH.Core\MH.Core.csproj", "{0308719C-AD7C-4B39-ABA9-A3FC9AB349A7}"
EndProject
Project("{FAE04EC0-301F-11D3-BF4B-00C04F79EFBC}") = "BIM4PM.Data", "BIM4PM.Data\BIM4PM.Data.csproj", "{B9019A62-37BD-4F63-A93E-7EEBA2475651}"
EndProject
Project("{FAE04EC0-301F-11D3-BF4B-00C04F79EFBC}") = "BIM4PM.Common", "BIM4PM.Common\BIM4PM.Common.csproj", "{F1CBC246-98F8-45E3-A301-57CB65F5E994}"
EndProject
Project("{FAE04EC0-301F-11D3-BF4B-00C04F79EFBC}") = "BIM4PM.Model", "BIM4PM.Model\BIM4PM.Model.csproj", "{52752596-3B00-48D8-9681-763558FF4E0E}"
EndProject
Global
	GlobalSection(SolutionConfigurationPlatforms) = preSolution
		Debug|Any CPU = Debug|Any CPU
		Release|Any CPU = Release|Any CPU
	EndGlobalSection
	GlobalSection(ProjectConfigurationPlatforms) = postSolution
		{B6A257CE-526C-4D67-A450-9A2895F187F0}.Debug|Any CPU.ActiveCfg = Debug|Any CPU
		{B6A257CE-526C-4D67-A450-9A2895F187F0}.Debug|Any CPU.Build.0 = Debug|Any CPU
		{B6A257CE-526C-4D67-A450-9A2895F187F0}.Release|Any CPU.ActiveCfg = Release|Any CPU
		{B6A257CE-526C-4D67-A450-9A2895F187F0}.Release|Any CPU.Build.0 = Release|Any CPU
		{0308719C-AD7C-4B39-ABA9-A3FC9AB349A7}.Debug|Any CPU.ActiveCfg = Debug|Any CPU
		{0308719C-AD7C-4B39-ABA9-A3FC9AB349A7}.Debug|Any CPU.Build.0 = Debug|Any CPU
		{0308719C-AD7C-4B39-ABA9-A3FC9AB349A7}.Release|Any CPU.ActiveCfg = Release|Any CPU
		{0308719C-AD7C-4B39-ABA9-A3FC9AB349A7}.Release|Any CPU.Build.0 = Release|Any CPU
		{B9019A62-37BD-4F63-A93E-7EEBA2475651}.Debug|Any CPU.ActiveCfg = Debug|Any CPU
		{B9019A62-37BD-4F63-A93E-7EEBA2475651}.Debug|Any CPU.Build.0 = Debug|Any CPU
		{B9019A62-37BD-4F63-A93E-7EEBA2475651}.Release|Any CPU.ActiveCfg = Release|Any CPU
		{B9019A62-37BD-4F63-A93E-7EEBA2475651}.Release|Any CPU.Build.0 = Release|Any CPU
		{F1CBC246-98F8-45E3-A301-57CB65F5E994}.Debug|Any CPU.ActiveCfg = Debug|Any CPU
		{F1CBC246-98F8-45E3-A301-57CB65F5E994}.Debug|Any CPU.Build.0 = Debug|Any CPU
		{F1CBC246-98F8-45E3-A301-57CB65F5E994}.Release|Any CPU.ActiveCfg = Release|Any CPU
		{F1CBC246-98F8-45E3-A301-57CB65F5E994}.Release|Any CPU.Build.0 = Release|Any CPU
		{52752596-3B00-48D8-9681-763558FF4E0E}.Debug|Any CPU.ActiveCfg = Debug|Any CPU
		{52752596-3B00-48D8-9681-763558FF4E0E}.Debug|Any CPU.Build.0 = Debug|Any CPU
		{52752596-3B00-48D8-9681-763558FF4E0E}.Release|Any CPU.ActiveCfg = Release|Any CPU
		{52752596-3B00-48D8-9681-763558FF4E0E}.Release|Any CPU.Build.0 = Release|Any CPU
	EndGlobalSection
	GlobalSection(SolutionProperties) = preSolution
		HideSolutionNode = FALSE
	EndGlobalSection
	GlobalSection(ExtensibilityGlobals) = postSolution
		SolutionGuid = {C66715B9-02F8-4EE3-9E18-4FA3DC67B23F}
	EndGlobalSection
EndGlobal
